# THIS IS AN AUTOGENERATED FILE. DO NOT EDIT THIS FILE DIRECTLY.
# yarn lockfile v1


fitty@^2.3.0:
  version "2.3.0"
  resolved "https://registry.yarnpkg.com/fitty/-/fitty-2.3.0.tgz#abf8a59987a8e01fe00bd09a4ce91570b183d830"
  integrity sha512-a4axS2xr0Lcp95We4hIrAvpgdzp6WHPaHp9neb5kMdjefCsNLoD4lPx69yKtKe60X/ZMEJznsPot6C1Tw5KZOA==
